
Microsoft Visual Studio Solution File, Format Version 12.00
# Visual Studio 15
VisualStudioVersion = 15.0.27130.2027
MinimumVisualStudioVersion = 10.0.40219.1
Project("{8BC9CEB8-8B4A-11D0-8D11-00A0C91BC942}") = "PinballY", "PinballY\PinballY.vcxproj", "{6BA513E9-8B10-4246-8AF4-89F44437ADBE}"
	ProjectSection(ProjectDependencies) = postProject
		{B5F11F26-8BE8-44A1-A9E7-92EEA8EC0E27} = {B5F11F26-8BE8-44A1-A9E7-92EEA8EC0E27}
		{F326C627-E252-40AB-9111-300AD19B8B9F} = {F326C627-E252-40AB-9111-300AD19B8B9F}
		{745DEC58-EBB3-47A9-A9B8-4C6627C01BF8} = {745DEC58-EBB3-47A9-A9B8-4C6627C01BF8}
		{4966E65C-62B4-48F8-9031-0FFE3B1BA14F} = {4966E65C-62B4-48F8-9031-0FFE3B1BA14F}
		{2A114D6B-D0C0-483F-B65B-28E256CA3776} = {2A114D6B-D0C0-483F-B65B-28E256CA3776}
		{A463746F-3EB5-49A7-9251-DC56B608CDBD} = {A463746F-3EB5-49A7-9251-DC56B608CDBD}
		{738A1295-F643-486C-86EE-0DC99DF1820E} = {738A1295-F643-486C-86EE-0DC99DF1820E}
		{3DCE769C-AEB2-4E14-BBBA-8C3EE7422678} = {3DCE769C-AEB2-4E14-BBBA-8C3EE7422678}
		{CF5D2FD1-FE0A-4F76-995B-4AF8D53B894D} = {CF5D2FD1-FE0A-4F76-995B-4AF8D53B894D}
		{E0B52AE7-E160-4D32-BF3F-910B785E5A8E} = {E0B52AE7-E160-4D32-BF3F-910B785E5A8E}
		{C23BA4F1-632F-4E5A-9DDE-59AAA35778BE} = {C23BA4F1-632F-4E5A-9DDE-59AAA35778BE}
	EndProjectSection
EndProject
Project("{8BC9CEB8-8B4A-11D0-8D11-00A0C91BC942}") = "DirectXTK_Desktop_2017", "DirectXTK\DirectXTK_Desktop_2017.vcxproj", "{E0B52AE7-E160-4D32-BF3F-910B785E5A8E}"
EndProject
Project("{8BC9CEB8-8B4A-11D0-8D11-00A0C91BC942}") = "VersionInfoUpdater", "VersionInfoUpdater\VersionInfoUpdater.vcxproj", "{2A114D6B-D0C0-483F-B65B-28E256CA3776}"
	ProjectSection(ProjectDependencies) = postProject
		{82B807D0-60B4-4324-B472-A14C860E01F6} = {82B807D0-60B4-4324-B472-A14C860E01F6}
	EndProjectSection
EndProject
Project("{8BC9CEB8-8B4A-11D0-8D11-00A0C91BC942}") = "GenerateDXAudioHeaderIncludes", "GenerateDXAudioHeaderIncludes\GenerateDXAudioHeaderIncludes.vcxproj", "{97546F9F-B3AA-4ABA-A5AA-96ADAEF8F3F6}"
EndProject
Project("{8BC9CEB8-8B4A-11D0-8D11-00A0C91BC942}") = "DirectXTKAudio_Desktop_2017_DXSDK", "DirectXTK\Audio\DirectXTKAudio_Desktop_2017_DXSDK.vcxproj", "{A463746F-3EB5-49A7-9251-DC56B608CDBD}"
	ProjectSection(ProjectDependencies) = postProject
		{97546F9F-B3AA-4ABA-A5AA-96ADAEF8F3F6} = {97546F9F-B3AA-4ABA-A5AA-96ADAEF8F3F6}
	EndProjectSection
EndProject
Project("{8BC9CEB8-8B4A-11D0-8D11-00A0C91BC942}") = "zlibstat", "zlib\contrib\vstudio\vc14\zlibstat.vcxproj", "{745DEC58-EBB3-47A9-A9B8-4C6627C01BF8}"
EndProject
Project("{8BC9CEB8-8B4A-11D0-8D11-00A0C91BC942}") = "LZMA", "LZMA\LZMA.vcxproj", "{738A1295-F643-486C-86EE-0DC99DF1820E}"
EndProject
Project("{8BC9CEB8-8B4A-11D0-8D11-00A0C91BC942}") = "PinballY Admin Mode", "PinballY Admin Mode\PinballY Admin Mode.vcxproj", "{7FF6DBEE-EEBC-44AE-B4CB-34480551E982}"
	ProjectSection(ProjectDependencies) = postProject
		{4966E65C-62B4-48F8-9031-0FFE3B1BA14F} = {4966E65C-62B4-48F8-9031-0FFE3B1BA14F}
		{2A114D6B-D0C0-483F-B65B-28E256CA3776} = {2A114D6B-D0C0-483F-B65B-28E256CA3776}
		{6BA513E9-8B10-4246-8AF4-89F44437ADBE} = {6BA513E9-8B10-4246-8AF4-89F44437ADBE}
	EndProjectSection
EndProject
Project("{8BC9CEB8-8B4A-11D0-8D11-00A0C91BC942}") = "Utilities", "Utilities\Utilities.vcxproj", "{4966E65C-62B4-48F8-9031-0FFE3B1BA14F}"
EndProject
Project("{8BC9CEB8-8B4A-11D0-8D11-00A0C91BC942}") = "DMDFontTool", "DMDFontTool\DMDFontTool.vcxproj", "{CF5D2FD1-FE0A-4F76-995B-4AF8D53B894D}"
EndProject
Project("{8BC9CEB8-8B4A-11D0-8D11-00A0C91BC942}") = "OptionsDialog", "OptionsDialog\OptionsDialog.vcxproj", "{F326C627-E252-40AB-9111-300AD19B8B9F}"
	ProjectSection(ProjectDependencies) = postProject
		{4966E65C-62B4-48F8-9031-0FFE3B1BA14F} = {4966E65C-62B4-48F8-9031-0FFE3B1BA14F}
		{2A114D6B-D0C0-483F-B65B-28E256CA3776} = {2A114D6B-D0C0-483F-B65B-28E256CA3776}
	EndProjectSection
EndProject
Project("{930C7802-8A8C-48F9-8165-68863BCCD9DD}") = "WixSetup", "WixSetup\WixSetup.wixproj", "{F60265A8-A4F8-46E6-9739-4756EE566D4B}"
EndProject
Project("{8BC9CEB8-8B4A-11D0-8D11-00A0C91BC942}") = "PinballY Watchdog", "PinballY Watchdog\PinballY Watchdog.vcxproj", "{B5F11F26-8BE8-44A1-A9E7-92EEA8EC0E27}"
	ProjectSection(ProjectDependencies) = postProject
		{4966E65C-62B4-48F8-9031-0FFE3B1BA14F} = {4966E65C-62B4-48F8-9031-0FFE3B1BA14F}
		{2A114D6B-D0C0-483F-B65B-28E256CA3776} = {2A114D6B-D0C0-483F-B65B-28E256CA3776}
	EndProjectSection
EndProject
Project("{8BC9CEB8-8B4A-11D0-8D11-00A0C91BC942}") = "flock", "flock\flock.vcxproj", "{82B807D0-60B4-4324-B472-A14C860E01F6}"
EndProject
Project("{8BC9CEB8-8B4A-11D0-8D11-00A0C91BC942}") = "FfmpegManifestUpdater", "FfmpegManifestUpdater\FfmpegManifestUpdater.vcxproj", "{3DCE769C-AEB2-4E14-BBBA-8C3EE7422678}"
	ProjectSection(ProjectDependencies) = postProject
		{4966E65C-62B4-48F8-9031-0FFE3B1BA14F} = {4966E65C-62B4-48F8-9031-0FFE3B1BA14F}
	EndProjectSection
EndProject
Project("{8BC9CEB8-8B4A-11D0-8D11-00A0C91BC942}") = "Dof3264Surrogate", "Dof3264Surrogate\Dof3264Surrogate.vcxproj", "{C23BA4F1-632F-4E5A-9DDE-59AAA35778BE}"
	ProjectSection(ProjectDependencies) = postProject
		{4966E65C-62B4-48F8-9031-0FFE3B1BA14F} = {4966E65C-62B4-48F8-9031-0FFE3B1BA14F}
	EndProjectSection
EndProject
Global
	GlobalSection(SolutionConfigurationPlatforms) = preSolution
		Debug|x64 = Debug|x64
		Debug|x86 = Debug|x86
		Release|x64 = Release|x64
		Release|x86 = Release|x86
	EndGlobalSection
	GlobalSection(ProjectConfigurationPlatforms) = postSolution
		{6BA513E9-8B10-4246-8AF4-89F44437ADBE}.Debug|x64.ActiveCfg = Debug|x64
		{6BA513E9-8B10-4246-8AF4-89F44437ADBE}.Debug|x64.Build.0 = Debug|x64
		{6BA513E9-8B10-4246-8AF4-89F44437ADBE}.Debug|x86.ActiveCfg = Debug|Win32
		{6BA513E9-8B10-4246-8AF4-89F44437ADBE}.Debug|x86.Build.0 = Debug|Win32
		{6BA513E9-8B10-4246-8AF4-89F44437ADBE}.Release|x64.ActiveCfg = Release|x64
		{6BA513E9-8B10-4246-8AF4-89F44437ADBE}.Release|x64.Build.0 = Release|x64
		{6BA513E9-8B10-4246-8AF4-89F44437ADBE}.Release|x86.ActiveCfg = Release|Win32
		{6BA513E9-8B10-4246-8AF4-89F44437ADBE}.Release|x86.Build.0 = Release|Win32
		{E0B52AE7-E160-4D32-BF3F-910B785E5A8E}.Debug|x64.ActiveCfg = Debug|x64
		{E0B52AE7-E160-4D32-BF3F-910B785E5A8E}.Debug|x64.Build.0 = Debug|x64
		{E0B52AE7-E160-4D32-BF3F-910B785E5A8E}.Debug|x86.ActiveCfg = Debug|Win32
		{E0B52AE7-E160-4D32-BF3F-910B785E5A8E}.Debug|x86.Build.0 = Debug|Win32
		{E0B52AE7-E160-4D32-BF3F-910B785E5A8E}.Release|x64.ActiveCfg = Release|x64
		{E0B52AE7-E160-4D32-BF3F-910B785E5A8E}.Release|x64.Build.0 = Release|x64
		{E0B52AE7-E160-4D32-BF3F-910B785E5A8E}.Release|x86.ActiveCfg = Release|Win32
		{E0B52AE7-E160-4D32-BF3F-910B785E5A8E}.Release|x86.Build.0 = Release|Win32
		{2A114D6B-D0C0-483F-B65B-28E256CA3776}.Debug|x64.ActiveCfg = Debug|x64
		{2A114D6B-D0C0-483F-B65B-28E256CA3776}.Debug|x64.Build.0 = Debug|x64
		{2A114D6B-D0C0-483F-B65B-28E256CA3776}.Debug|x86.ActiveCfg = Debug|Win32
		{2A114D6B-D0C0-483F-B65B-28E256CA3776}.Debug|x86.Build.0 = Debug|Win32
		{2A114D6B-D0C0-483F-B65B-28E256CA3776}.Release|x64.ActiveCfg = Release|x64
		{2A114D6B-D0C0-483F-B65B-28E256CA3776}.Release|x64.Build.0 = Release|x64
		{2A114D6B-D0C0-483F-B65B-28E256CA3776}.Release|x86.ActiveCfg = Release|Win32
		{2A114D6B-D0C0-483F-B65B-28E256CA3776}.Release|x86.Build.0 = Release|Win32
		{97546F9F-B3AA-4ABA-A5AA-96ADAEF8F3F6}.Debug|x64.ActiveCfg = Debug|x64
		{97546F9F-B3AA-4ABA-A5AA-96ADAEF8F3F6}.Debug|x64.Build.0 = Debug|x64
		{97546F9F-B3AA-4ABA-A5AA-96ADAEF8F3F6}.Debug|x86.ActiveCfg = Debug|Win32
		{97546F9F-B3AA-4ABA-A5AA-96ADAEF8F3F6}.Debug|x86.Build.0 = Debug|Win32
		{97546F9F-B3AA-4ABA-A5AA-96ADAEF8F3F6}.Release|x64.ActiveCfg = Release|x64
		{97546F9F-B3AA-4ABA-A5AA-96ADAEF8F3F6}.Release|x64.Build.0 = Release|x64
		{97546F9F-B3AA-4ABA-A5AA-96ADAEF8F3F6}.Release|x86.ActiveCfg = Release|Win32
		{97546F9F-B3AA-4ABA-A5AA-96ADAEF8F3F6}.Release|x86.Build.0 = Release|Win32
		{A463746F-3EB5-49A7-9251-DC56B608CDBD}.Debug|x64.ActiveCfg = Debug|x64
		{A463746F-3EB5-49A7-9251-DC56B608CDBD}.Debug|x64.Build.0 = Debug|x64
		{A463746F-3EB5-49A7-9251-DC56B608CDBD}.Debug|x86.ActiveCfg = Debug|Win32
		{A463746F-3EB5-49A7-9251-DC56B608CDBD}.Debug|x86.Build.0 = Debug|Win32
		{A463746F-3EB5-49A7-9251-DC56B608CDBD}.Release|x64.ActiveCfg = Release|x64
		{A463746F-3EB5-49A7-9251-DC56B608CDBD}.Release|x64.Build.0 = Release|x64
		{A463746F-3EB5-49A7-9251-DC56B608CDBD}.Release|x86.ActiveCfg = Release|Win32
		{A463746F-3EB5-49A7-9251-DC56B608CDBD}.Release|x86.Build.0 = Release|Win32
		{745DEC58-EBB3-47A9-A9B8-4C6627C01BF8}.Debug|x64.ActiveCfg = Debug|x64
		{745DEC58-EBB3-47A9-A9B8-4C6627C01BF8}.Debug|x64.Build.0 = Debug|x64
		{745DEC58-EBB3-47A9-A9B8-4C6627C01BF8}.Debug|x86.ActiveCfg = Debug|Win32
		{745DEC58-EBB3-47A9-A9B8-4C6627C01BF8}.Debug|x86.Build.0 = Debug|Win32
		{745DEC58-EBB3-47A9-A9B8-4C6627C01BF8}.Release|x64.ActiveCfg = Release|x64
		{745DEC58-EBB3-47A9-A9B8-4C6627C01BF8}.Release|x64.Build.0 = Release|x64
		{745DEC58-EBB3-47A9-A9B8-4C6627C01BF8}.Release|x86.ActiveCfg = Release|Win32
		{745DEC58-EBB3-47A9-A9B8-4C6627C01BF8}.Release|x86.Build.0 = Release|Win32
		{738A1295-F643-486C-86EE-0DC99DF1820E}.Debug|x64.ActiveCfg = Debug|x64
		{738A1295-F643-486C-86EE-0DC99DF1820E}.Debug|x64.Build.0 = Debug|x64
		{738A1295-F643-486C-86EE-0DC99DF1820E}.Debug|x86.ActiveCfg = Debug|Win32
		{738A1295-F643-486C-86EE-0DC99DF1820E}.Debug|x86.Build.0 = Debug|Win32
		{738A1295-F643-486C-86EE-0DC99DF1820E}.Release|x64.ActiveCfg = Release|x64
		{738A1295-F643-486C-86EE-0DC99DF1820E}.Release|x64.Build.0 = Release|x64
		{738A1295-F643-486C-86EE-0DC99DF1820E}.Release|x86.ActiveCfg = Release|Win32
		{738A1295-F643-486C-86EE-0DC99DF1820E}.Release|x86.Build.0 = Release|Win32
		{7FF6DBEE-EEBC-44AE-B4CB-34480551E982}.Debug|x64.ActiveCfg = Debug|x64
		{7FF6DBEE-EEBC-44AE-B4CB-34480551E982}.Debug|x64.Build.0 = Debug|x64
		{7FF6DBEE-EEBC-44AE-B4CB-34480551E982}.Debug|x86.ActiveCfg = Debug|Win32
		{7FF6DBEE-EEBC-44AE-B4CB-34480551E982}.Debug|x86.Build.0 = Debug|Win32
		{7FF6DBEE-EEBC-44AE-B4CB-34480551E982}.Release|x64.ActiveCfg = Release|x64
		{7FF6DBEE-EEBC-44AE-B4CB-34480551E982}.Release|x64.Build.0 = Release|x64
		{7FF6DBEE-EEBC-44AE-B4CB-34480551E982}.Release|x86.ActiveCfg = Release|Win32
		{7FF6DBEE-EEBC-44AE-B4CB-34480551E982}.Release|x86.Build.0 = Release|Win32
		{4966E65C-62B4-48F8-9031-0FFE3B1BA14F}.Debug|x64.ActiveCfg = Debug|x64
		{4966E65C-62B4-48F8-9031-0FFE3B1BA14F}.Debug|x64.Build.0 = Debug|x64
		{4966E65C-62B4-48F8-9031-0FFE3B1BA14F}.Debug|x86.ActiveCfg = Debug|Win32
		{4966E65C-62B4-48F8-9031-0FFE3B1BA14F}.Debug|x86.Build.0 = Debug|Win32
		{4966E65C-62B4-48F8-9031-0FFE3B1BA14F}.Release|x64.ActiveCfg = Release|x64
		{4966E65C-62B4-48F8-9031-0FFE3B1BA14F}.Release|x64.Build.0 = Release|x64
		{4966E65C-62B4-48F8-9031-0FFE3B1BA14F}.Release|x86.ActiveCfg = Release|Win32
		{4966E65C-62B4-48F8-9031-0FFE3B1BA14F}.Release|x86.Build.0 = Release|Win32
		{CF5D2FD1-FE0A-4F76-995B-4AF8D53B894D}.Debug|x64.ActiveCfg = Debug|x64
		{CF5D2FD1-FE0A-4F76-995B-4AF8D53B894D}.Debug|x64.Build.0 = Debug|x64
		{CF5D2FD1-FE0A-4F76-995B-4AF8D53B894D}.Debug|x86.ActiveCfg = Debug|Win32
		{CF5D2FD1-FE0A-4F76-995B-4AF8D53B894D}.Debug|x86.Build.0 = Debug|Win32
		{CF5D2FD1-FE0A-4F76-995B-4AF8D53B894D}.Release|x64.ActiveCfg = Release|x64
		{CF5D2FD1-FE0A-4F76-995B-4AF8D53B894D}.Release|x64.Build.0 = Release|x64
		{CF5D2FD1-FE0A-4F76-995B-4AF8D53B894D}.Release|x86.ActiveCfg = Release|Win32
		{CF5D2FD1-FE0A-4F76-995B-4AF8D53B894D}.Release|x86.Build.0 = Release|Win32
		{F326C627-E252-40AB-9111-300AD19B8B9F}.Debug|x64.ActiveCfg = Debug|x64
		{F326C627-E252-40AB-9111-300AD19B8B9F}.Debug|x64.Build.0 = Debug|x64
		{F326C627-E252-40AB-9111-300AD19B8B9F}.Debug|x86.ActiveCfg = Debug|Win32
		{F326C627-E252-40AB-9111-300AD19B8B9F}.Debug|x86.Build.0 = Debug|Win32
		{F326C627-E252-40AB-9111-300AD19B8B9F}.Release|x64.ActiveCfg = Release|x64
		{F326C627-E252-40AB-9111-300AD19B8B9F}.Release|x64.Build.0 = Release|x64
		{F326C627-E252-40AB-9111-300AD19B8B9F}.Release|x86.ActiveCfg = Release|Win32
		{F326C627-E252-40AB-9111-300AD19B8B9F}.Release|x86.Build.0 = Release|Win32
		{F60265A8-A4F8-46E6-9739-4756EE566D4B}.Debug|x64.ActiveCfg = Debug|x86
		{F60265A8-A4F8-46E6-9739-4756EE566D4B}.Debug|x86.ActiveCfg = Debug|x86
		{F60265A8-A4F8-46E6-9739-4756EE566D4B}.Release|x64.ActiveCfg = Release|x64
		{F60265A8-A4F8-46E6-9739-4756EE566D4B}.Release|x64.Build.0 = Release|x64
		{F60265A8-A4F8-46E6-9739-4756EE566D4B}.Release|x86.ActiveCfg = Release|x86
		{F60265A8-A4F8-46E6-9739-4756EE566D4B}.Release|x86.Build.0 = Release|x86
		{B5F11F26-8BE8-44A1-A9E7-92EEA8EC0E27}.Debug|x64.ActiveCfg = Debug|x64
		{B5F11F26-8BE8-44A1-A9E7-92EEA8EC0E27}.Debug|x64.Build.0 = Debug|x64
		{B5F11F26-8BE8-44A1-A9E7-92EEA8EC0E27}.Debug|x86.ActiveCfg = Debug|Win32
		{B5F11F26-8BE8-44A1-A9E7-92EEA8EC0E27}.Debug|x86.Build.0 = Debug|Win32
		{B5F11F26-8BE8-44A1-A9E7-92EEA8EC0E27}.Release|x64.ActiveCfg = Release|x64
		{B5F11F26-8BE8-44A1-A9E7-92EEA8EC0E27}.Release|x64.Build.0 = Release|x64
		{B5F11F26-8BE8-44A1-A9E7-92EEA8EC0E27}.Release|x86.ActiveCfg = Release|Win32
		{B5F11F26-8BE8-44A1-A9E7-92EEA8EC0E27}.Release|x86.Build.0 = Release|Win32
		{82B807D0-60B4-4324-B472-A14C860E01F6}.Debug|x64.ActiveCfg = Debug|x64
		{82B807D0-60B4-4324-B472-A14C860E01F6}.Debug|x64.Build.0 = Debug|x64
		{82B807D0-60B4-4324-B472-A14C860E01F6}.Debug|x86.ActiveCfg = Debug|Win32
		{82B807D0-60B4-4324-B472-A14C860E01F6}.Debug|x86.Build.0 = Debug|Win32
		{82B807D0-60B4-4324-B472-A14C860E01F6}.Release|x64.ActiveCfg = Release|x64
		{82B807D0-60B4-4324-B472-A14C860E01F6}.Release|x64.Build.0 = Release|x64
		{82B807D0-60B4-4324-B472-A14C860E01F6}.Release|x86.ActiveCfg = Release|Win32
		{82B807D0-60B4-4324-B472-A14C860E01F6}.Release|x86.Build.0 = Release|Win32
		{3DCE769C-AEB2-4E14-BBBA-8C3EE7422678}.Debug|x64.ActiveCfg = Debug|x64
		{3DCE769C-AEB2-4E14-BBBA-8C3EE7422678}.Debug|x64.Build.0 = Debug|x64
		{3DCE769C-AEB2-4E14-BBBA-8C3EE7422678}.Debug|x86.ActiveCfg = Debug|Win32
		{3DCE769C-AEB2-4E14-BBBA-8C3EE7422678}.Debug|x86.Build.0 = Debug|Win32
		{3DCE769C-AEB2-4E14-BBBA-8C3EE7422678}.Release|x64.ActiveCfg = Release|x64
		{3DCE769C-AEB2-4E14-BBBA-8C3EE7422678}.Release|x64.Build.0 = Release|x64
		{3DCE769C-AEB2-4E14-BBBA-8C3EE7422678}.Release|x86.ActiveCfg = Release|Win32
		{3DCE769C-AEB2-4E14-BBBA-8C3EE7422678}.Release|x86.Build.0 = Release|Win32
		{C23BA4F1-632F-4E5A-9DDE-59AAA35778BE}.Debug|x64.ActiveCfg = Debug|x64
		{C23BA4F1-632F-4E5A-9DDE-59AAA35778BE}.Debug|x64.Build.0 = Debug|x64
		{C23BA4F1-632F-4E5A-9DDE-59AAA35778BE}.Debug|x86.ActiveCfg = Debug|Win32
		{C23BA4F1-632F-4E5A-9DDE-59AAA35778BE}.Release|x64.ActiveCfg = Release|x64
		{C23BA4F1-632F-4E5A-9DDE-59AAA35778BE}.Release|x64.Build.0 = Release|x64
		{C23BA4F1-632F-4E5A-9DDE-59AAA35778BE}.Release|x86.ActiveCfg = Release|Win32
	EndGlobalSection
	GlobalSection(SolutionProperties) = preSolution
		HideSolutionNode = FALSE
	EndGlobalSection
	GlobalSection(ExtensibilityGlobals) = postSolution
		SolutionGuid = {E14C3769-2C52-47DD-8C78-76764D74BB88}
	EndGlobalSection
EndGlobal
