<?xml version="1.0" encoding="utf-8"?>
<Project ToolsVersion="4.0" xmlns="http://schemas.microsoft.com/developer/msbuild/2003">
  <ItemGroup>
    <Filter Include="Source Files">
      <UniqueIdentifier>{4FC737F1-C7A5-4376-A066-2A32D752A2FF}</UniqueIdentifier>
      <Extensions>cpp;c;cc;cxx;def;odl;idl;hpj;bat;asm;asmx</Extensions>
    </Filter>
    <Filter Include="Header Files">
      <UniqueIdentifier>{93995380-89BD-4b04-88EB-625FBE52EBFB}</UniqueIdentifier>
      <Extensions>h;hh;hpp;hxx;hm;inl;inc;ipp;xsd</Extensions>
    </Filter>
    <Filter Include="Resource Files">
      <UniqueIdentifier>{67DA6AB6-F800-4c08-8B7A-83BB121AAD01}</UniqueIdentifier>
      <Extensions>rc;ico;cur;bmp;dlg;rc2;rct;bin;rgs;gif;jpg;jpeg;jpe;resx;tiff;tif;png;wav;mfcribbon-ms</Extensions>
    </Filter>
  </ItemGroup>
  <ItemGroup>
    <ClCompile Include="stdafx.cpp">
      <Filter>Source Files</Filter>
    </ClCompile>
    <ClCompile Include="TreePropSheet\PropPageFrame.cpp">
      <Filter>Source Files</Filter>
    </ClCompile>
    <ClCompile Include="TreePropSheet\PropPageFrameDefault.cpp">
      <Filter>Source Files</Filter>
    </ClCompile>
    <ClCompile Include="TreePropSheet\TreePropSheet.cpp">
      <Filter>Source Files</Filter>
    </ClCompile>
    <ClCompile Include="OptionsDialogDll.cpp">
      <Filter>Source Files</Filter>
    </ClCompile>
    <ClCompile Include="OptionsDialog.cpp">
      <Filter>Source Files</Filter>
    </ClCompile>
    <ClCompile Include="ListCtrlEx.cpp">
      <Filter>Source Files</Filter>
    </ClCompile>
    <ClCompile Include="VCEdit.cpp">
      <Filter>Source Files</Filter>
    </ClCompile>
    <ClCompile Include="KeyAssignCtrl.cpp">
      <Filter>Source Files</Filter>
    </ClCompile>
    <ClCompile Include="KeyboardDialog.cpp">
      <Filter>Source Files</Filter>
    </ClCompile>
    <ClCompile Include="CaptureDialog.cpp">
      <Filter>Source Files</Filter>
    </ClCompile>
    <ClCompile Include="OptionsPage.cpp">
      <Filter>Source Files</Filter>
    </ClCompile>
    <ClCompile Include="AttractModeDialog.cpp">
      <Filter>Source Files</Filter>
    </ClCompile>
    <ClCompile Include="CoinsDialog.cpp">
      <Filter>Source Files</Filter>
    </ClCompile>
    <ClCompile Include="DMDDialog.cpp">
      <Filter>Source Files</Filter>
    </ClCompile>
    <ClCompile Include="PathsDialog.cpp">
      <Filter>Source Files</Filter>
    </ClCompile>
    <ClCompile Include="StartupDialog.cpp">
      <Filter>Source Files</Filter>
    </ClCompile>
    <ClCompile Include="StatuslineDialog.cpp">
      <Filter>Source Files</Filter>
    </ClCompile>
    <ClCompile Include="SystemDialog.cpp">
      <Filter>Source Files</Filter>
    </ClCompile>
    <ClCompile Include="SysGroupDialog.cpp">
      <Filter>Source Files</Filter>
    </ClCompile>
    <ClCompile Include="AudioVideoDialog.cpp">
      <Filter>Source Files</Filter>
    </ClCompile>
    <ClCompile Include="InstCardDialog.cpp">
      <Filter>Source Files</Filter>
    </ClCompile>
    <ClCompile Include="GameLaunchDialog.cpp">
      <Filter>Source Files</Filter>
    </ClCompile>
    <ClCompile Include="MenuDialog.cpp">
      <Filter>Source Files</Filter>
    </ClCompile>
    <ClCompile Include="GameWheelDialog.cpp">
      <Filter>Source Files</Filter>
    </ClCompile>
    <ClCompile Include="LogFileDialog.cpp">
      <Filter>Source Files</Filter>
    </ClCompile>
    <ClCompile Include="InfoBoxDialog.cpp">
      <Filter>Source Files</Filter>
    </ClCompile>
    <ClCompile Include="FontDialog.cpp">
      <Filter>Source Files</Filter>
    </ClCompile>
    <ClCompile Include="FontPreviewCombo\FontPreviewCombo.cpp">
      <Filter>Source Files</Filter>
    </ClCompile>
    <ClCompile Include="DOFDialog.cpp">
      <Filter>Source Files</Filter>
    </ClCompile>
  </ItemGroup>
  <ItemGroup>
    <None Include="OptionsDialog.def">
      <Filter>Source Files</Filter>
    </None>
  </ItemGroup>
  <ItemGroup>
    <ClInclude Include="stdafx.h">
      <Filter>Header Files</Filter>
    </ClInclude>
    <ClInclude Include="targetver.h">
      <Filter>Header Files</Filter>
    </ClInclude>
    <ClInclude Include="Resource.h">
      <Filter>Header Files</Filter>
    </ClInclude>
    <ClInclude Include="TreePropSheet\PropPageFrame.h">
      <Filter>Header Files</Filter>
    </ClInclude>
    <ClInclude Include="TreePropSheet\PropPageFrameDefault.h">
      <Filter>Header Files</Filter>
    </ClInclude>
    <ClInclude Include="TreePropSheet\TreePropSheet.h">
      <Filter>Header Files</Filter>
    </ClInclude>
    <ClInclude Include="OptionsDialogDll.h">
      <Filter>Header Files</Filter>
    </ClInclude>
    <ClInclude Include="OptionsDialog.h">
      <Filter>Header Files</Filter>
    </ClInclude>
    <ClInclude Include="KeyboardDialog.h">
      <Filter>Header Files</Filter>
    </ClInclude>
    <ClInclude Include="ListCtrlEx.h">
      <Filter>Header Files</Filter>
    </ClInclude>
    <ClInclude Include="KeyAssignCtrl.h">
      <Filter>Header Files</Filter>
    </ClInclude>
    <ClInclude Include="VCEdit.h">
      <Filter>Header Files</Filter>
    </ClInclude>
    <ClInclude Include="GroupComboBox\ShellDlgFont.h">
      <Filter>Header Files</Filter>
    </ClInclude>
    <ClInclude Include="TempDC.h">
      <Filter>Header Files</Filter>
    </ClInclude>
    <ClInclude Include="OptionsDialogExports.h">
      <Filter>Header Files</Filter>
    </ClInclude>
    <ClInclude Include="CaptureDialog.h">
      <Filter>Header Files</Filter>
    </ClInclude>
    <ClInclude Include="OptionsPage.h">
      <Filter>Header Files</Filter>
    </ClInclude>
    <ClInclude Include="AttractModeDialog.h">
      <Filter>Header Files</Filter>
    </ClInclude>
    <ClInclude Include="CoinsDialog.h">
      <Filter>Header Files</Filter>
    </ClInclude>
    <ClInclude Include="DMDDialog.h">
      <Filter>Header Files</Filter>
    </ClInclude>
    <ClInclude Include="PathsDialog.h">
      <Filter>Header Files</Filter>
    </ClInclude>
    <ClInclude Include="StartupDialog.h">
      <Filter>Header Files</Filter>
    </ClInclude>
    <ClInclude Include="StatuslineDialog.h">
      <Filter>Header Files</Filter>
    </ClInclude>
    <ClInclude Include="SystemDialog.h">
      <Filter>Header Files</Filter>
    </ClInclude>
    <ClInclude Include="SysGroupDialog.h">
      <Filter>Header Files</Filter>
    </ClInclude>
    <ClInclude Include="AudioVideoDialog.h">
      <Filter>Header Files</Filter>
    </ClInclude>
    <ClInclude Include="InstCardDialog.h">
      <Filter>Header Files</Filter>
    </ClInclude>
    <ClInclude Include="GameLaunchDialog.h">
      <Filter>Header Files</Filter>
    </ClInclude>
    <ClInclude Include="MenuDialog.h">
      <Filter>Header Files</Filter>
    </ClInclude>
    <ClInclude Include="GameWheelDialog.h">
      <Filter>Header Files</Filter>
    </ClInclude>
    <ClInclude Include="LogFileDialog.h">
      <Filter>Header Files</Filter>
    </ClInclude>
    <ClInclude Include="InfoBoxDialog.h">
      <Filter>Header Files</Filter>
    </ClInclude>
    <ClInclude Include="FontDialog.h">
      <Filter>Header Files</Filter>
    </ClInclude>
    <ClInclude Include="FontPreviewCombo\FontPreviewCombo.h">
      <Filter>Header Files</Filter>
    </ClInclude>
    <ClInclude Include="DOFDialog.h">
      <Filter>Header Files</Filter>
    </ClInclude>
  </ItemGroup>
  <ItemGroup>
    <Image Include="res\ListEditIcons.png">
      <Filter>Resource Files</Filter>
    </Image>
    <Image Include="res\ButtonIcons24x24.png">
      <Filter>Resource Files</Filter>
    </Image>
    <Image Include="res\TreeArrows.bmp">
      <Filter>Resource Files</Filter>
    </Image>
    <Image Include="res\FolderIcon.png">
      <Filter>Resource Files</Filter>
    </Image>
    <Image Include="res\FolderBrowserImages.bmp">
      <Filter>Resource Files</Filter>
    </Image>
    <Image Include="FontPreviewCombo\res\ttf_glyph.bmp">
      <Filter>Resource Files</Filter>
    </Image>
  </ItemGroup>
  <ItemGroup>
    <ResourceCompile Include="OptionsResources.rc">
      <Filter>Resource Files</Filter>
    </ResourceCompile>
    <ResourceCompile Include="OptionsDialog.rc">
      <Filter>Resource Files</Filter>
    </ResourceCompile>
  </ItemGroup>
</Project>