<?xml version="1.0" encoding="utf-8"?>
<Project ToolsVersion="4.0" xmlns="http://schemas.microsoft.com/developer/msbuild/2003">
  <ItemGroup>
    <Filter Include="Source Files">
      <UniqueIdentifier>{4FC737F1-C7A5-4376-A066-2A32D752A2FF}</UniqueIdentifier>
      <Extensions>cpp;c;cc;cxx;def;odl;idl;hpj;bat;asm;asmx</Extensions>
    </Filter>
    <Filter Include="Header Files">
      <UniqueIdentifier>{93995380-89BD-4b04-88EB-625FBE52EBFB}</UniqueIdentifier>
      <Extensions>h;hh;hpp;hxx;hm;inl;inc;xsd</Extensions>
    </Filter>
    <Filter Include="Resource Files">
      <UniqueIdentifier>{67DA6AB6-F800-4c08-8B7A-83BB121AAD01}</UniqueIdentifier>
      <Extensions>rc;ico;cur;bmp;dlg;rc2;rct;bin;rgs;gif;jpg;jpeg;jpe;resx;tiff;tif;png;wav;mfcribbon-ms</Extensions>
    </Filter>
    <Filter Include="Shaders">
      <UniqueIdentifier>{5f46b059-362c-427f-8e48-03df8730672a}</UniqueIdentifier>
    </Filter>
    <Filter Include="DMD Fonts">
      <UniqueIdentifier>{7083e524-e0f4-43c2-bd45-13d97dd7cb6d}</UniqueIdentifier>
    </Filter>
  </ItemGroup>
  <ItemGroup>
    <ClCompile Include="Camera.cpp">
      <Filter>Source Files</Filter>
    </ClCompile>
    <ClCompile Include="D3D.cpp">
      <Filter>Source Files</Filter>
    </ClCompile>
    <ClCompile Include="D3DWin.cpp">
      <Filter>Source Files</Filter>
    </ClCompile>
    <ClCompile Include="GraphicsUtil.cpp">
      <Filter>Source Files</Filter>
    </ClCompile>
    <ClCompile Include="HiResTimer.cpp">
      <Filter>Source Files</Filter>
    </ClCompile>
    <ClCompile Include="PerfMon.cpp">
      <Filter>Source Files</Filter>
    </ClCompile>
    <ClCompile Include="Shader.cpp">
      <Filter>Source Files</Filter>
    </ClCompile>
    <ClCompile Include="stdafx.cpp">
      <Filter>Source Files</Filter>
    </ClCompile>
    <ClCompile Include="TextDraw.cpp">
      <Filter>Source Files</Filter>
    </ClCompile>
    <ClCompile Include="TextShader.cpp">
      <Filter>Source Files</Filter>
    </ClCompile>
    <ClCompile Include="Sprite.cpp">
      <Filter>Source Files</Filter>
    </ClCompile>
    <ClCompile Include="GameList.cpp">
      <Filter>Source Files</Filter>
    </ClCompile>
    <ClCompile Include="D3DView.cpp">
      <Filter>Source Files</Filter>
    </ClCompile>
    <ClCompile Include="PlayfieldView.cpp">
      <Filter>Source Files</Filter>
    </ClCompile>
    <ClCompile Include="PlayfieldWin.cpp">
      <Filter>Source Files</Filter>
    </ClCompile>
    <ClCompile Include="BaseWin.cpp">
      <Filter>Source Files</Filter>
    </ClCompile>
    <ClCompile Include="FrameWin.cpp">
      <Filter>Source Files</Filter>
    </ClCompile>
    <ClCompile Include="BackglassView.cpp">
      <Filter>Source Files</Filter>
    </ClCompile>
    <ClCompile Include="BackglassWin.cpp">
      <Filter>Source Files</Filter>
    </ClCompile>
    <ClCompile Include="Application.cpp">
      <Filter>Source Files</Filter>
    </ClCompile>
    <ClCompile Include="DMDView.cpp">
      <Filter>Source Files</Filter>
    </ClCompile>
    <ClCompile Include="DMDWin.cpp">
      <Filter>Source Files</Filter>
    </ClCompile>
    <ClCompile Include="TextureShader.cpp">
      <Filter>Source Files</Filter>
    </ClCompile>
    <ClCompile Include="AudioManager.cpp">
      <Filter>Source Files</Filter>
    </ClCompile>
    <ClCompile Include="DOFClient.cpp">
      <Filter>Source Files</Filter>
    </ClCompile>
    <ClCompile Include="VideoSprite.cpp">
      <Filter>Source Files</Filter>
    </ClCompile>
    <ClCompile Include="FlashClient\FlashClient.cpp">
      <Filter>Source Files</Filter>
    </ClCompile>
    <ClCompile Include="BaseView.cpp">
      <Filter>Source Files</Filter>
    </ClCompile>
    <ClCompile Include="TopperView.cpp">
      <Filter>Source Files</Filter>
    </ClCompile>
    <ClCompile Include="TopperWin.cpp">
      <Filter>Source Files</Filter>
    </ClCompile>
    <ClCompile Include="SecondaryView.cpp">
      <Filter>Source Files</Filter>
    </ClCompile>
    <ClCompile Include="InstCardWin.cpp">
      <Filter>Source Files</Filter>
    </ClCompile>
    <ClCompile Include="InstCardView.cpp">
      <Filter>Source Files</Filter>
    </ClCompile>
    <ClCompile Include="CSVFile.cpp">
      <Filter>Source Files</Filter>
    </ClCompile>
    <ClCompile Include="DateUtil.cpp">
      <Filter>Source Files</Filter>
    </ClCompile>
    <ClCompile Include="AudioVideoPlayer.cpp">
      <Filter>Source Files</Filter>
    </ClCompile>
    <ClCompile Include="PinscapeDevice.cpp">
      <Filter>Source Files</Filter>
    </ClCompile>
    <ClCompile Include="MonitorCheck.cpp">
      <Filter>Source Files</Filter>
    </ClCompile>
    <ClCompile Include="VLCAudioVideoPlayer.cpp">
      <Filter>Source Files</Filter>
    </ClCompile>
    <ClCompile Include="HighScores.cpp">
      <Filter>Source Files</Filter>
    </ClCompile>
    <ClCompile Include="RefTableList.cpp">
      <Filter>Source Files</Filter>
    </ClCompile>
    <ClCompile Include="VPFileReader.cpp">
      <Filter>Source Files</Filter>
    </ClCompile>
    <ClCompile Include="CaptureStatusWin.cpp">
      <Filter>Source Files</Filter>
    </ClCompile>
    <ClCompile Include="I420Shader.cpp">
      <Filter>Source Files</Filter>
    </ClCompile>
    <ClCompile Include="MediaDropTarget.cpp">
      <Filter>Source Files</Filter>
    </ClCompile>
    <ClCompile Include="SevenZipIfc.cpp">
      <Filter>Source Files</Filter>
    </ClCompile>
    <ClCompile Include="RealDMD.cpp">
      <Filter>Source Files</Filter>
    </ClCompile>
    <ClCompile Include="VPinMAMEIfc.cpp">
      <Filter>Source Files</Filter>
    </ClCompile>
    <ClCompile Include="DMDShader.cpp">
      <Filter>Source Files</Filter>
    </ClCompile>
    <ClCompile Include="DMDFont.cpp">
      <Filter>Source Files</Filter>
    </ClCompile>
    <ClCompile Include="LogFile.cpp">
      <Filter>Source Files</Filter>
    </ClCompile>
    <ClCompile Include="DialogWithSavedPos.cpp">
      <Filter>Source Files</Filter>
    </ClCompile>
  </ItemGroup>
  <ItemGroup>
    <ClInclude Include="Camera.h">
      <Filter>Header Files</Filter>
    </ClInclude>
    <ClInclude Include="CommonVertex.h">
      <Filter>Header Files</Filter>
    </ClInclude>
    <ClInclude Include="D3D.h">
      <Filter>Header Files</Filter>
    </ClInclude>
    <ClInclude Include="D3DWin.h">
      <Filter>Header Files</Filter>
    </ClInclude>
    <ClInclude Include="GraphicsUtil.h">
      <Filter>Header Files</Filter>
    </ClInclude>
    <ClInclude Include="HiResTimer.h">
      <Filter>Header Files</Filter>
    </ClInclude>
    <ClInclude Include="MemoryLeakDebugging.h">
      <Filter>Header Files</Filter>
    </ClInclude>
    <ClInclude Include="Passkey.h">
      <Filter>Header Files</Filter>
    </ClInclude>
    <ClInclude Include="PerfMon.h">
      <Filter>Header Files</Filter>
    </ClInclude>
    <ClInclude Include="Shader.h">
      <Filter>Header Files</Filter>
    </ClInclude>
    <ClInclude Include="targetver.h">
      <Filter>Header Files</Filter>
    </ClInclude>
    <ClInclude Include="TextDraw.h">
      <Filter>Header Files</Filter>
    </ClInclude>
    <ClInclude Include="TextShader.h">
      <Filter>Header Files</Filter>
    </ClInclude>
    <ClInclude Include="VersionInfo.h">
      <Filter>Header Files</Filter>
    </ClInclude>
    <ClInclude Include="Sprite.h">
      <Filter>Header Files</Filter>
    </ClInclude>
    <ClInclude Include="rapidxml\rapidxml.hpp">
      <Filter>Header Files</Filter>
    </ClInclude>
    <ClInclude Include="rapidxml\rapidxml_iterators.hpp">
      <Filter>Header Files</Filter>
    </ClInclude>
    <ClInclude Include="rapidxml\rapidxml_print.hpp">
      <Filter>Header Files</Filter>
    </ClInclude>
    <ClInclude Include="rapidxml\rapidxml_utils.hpp">
      <Filter>Header Files</Filter>
    </ClInclude>
    <ClInclude Include="GameList.h">
      <Filter>Header Files</Filter>
    </ClInclude>
    <ClInclude Include="BackglassView.h">
      <Filter>Header Files</Filter>
    </ClInclude>
    <ClInclude Include="D3DView.h">
      <Filter>Header Files</Filter>
    </ClInclude>
    <ClInclude Include="PlayfieldView.h">
      <Filter>Header Files</Filter>
    </ClInclude>
    <ClInclude Include="PlayfieldWin.h">
      <Filter>Header Files</Filter>
    </ClInclude>
    <ClInclude Include="BaseWin.h">
      <Filter>Header Files</Filter>
    </ClInclude>
    <ClInclude Include="FrameWin.h">
      <Filter>Header Files</Filter>
    </ClInclude>
    <ClInclude Include="ViewWin.h">
      <Filter>Header Files</Filter>
    </ClInclude>
    <ClInclude Include="BackglassWin.h">
      <Filter>Header Files</Filter>
    </ClInclude>
    <ClInclude Include="Application.h">
      <Filter>Header Files</Filter>
    </ClInclude>
    <ClInclude Include="Resource.h">
      <Filter>Header Files</Filter>
    </ClInclude>
    <ClInclude Include="DMDView.h">
      <Filter>Header Files</Filter>
    </ClInclude>
    <ClInclude Include="DMDWin.h">
      <Filter>Header Files</Filter>
    </ClInclude>
    <ClInclude Include="stdafx.h">
      <Filter>Header Files</Filter>
    </ClInclude>
    <ClInclude Include="TextureShader.h">
      <Filter>Header Files</Filter>
    </ClInclude>
    <ClInclude Include="MouseButtons.h">
      <Filter>Header Files</Filter>
    </ClInclude>
    <ClInclude Include="AudioManager.h">
      <Filter>Header Files</Filter>
    </ClInclude>
    <ClInclude Include="DOFClient.h">
      <Filter>Header Files</Filter>
    </ClInclude>
    <ClInclude Include="DiceCoefficient.h">
      <Filter>Header Files</Filter>
    </ClInclude>
    <ClInclude Include="VideoSprite.h">
      <Filter>Header Files</Filter>
    </ClInclude>
    <ClInclude Include="FlashClient\FlashClient.h">
      <Filter>Header Files</Filter>
    </ClInclude>
    <ClInclude Include="BaseView.h">
      <Filter>Header Files</Filter>
    </ClInclude>
    <ClInclude Include="TopperView.h">
      <Filter>Header Files</Filter>
    </ClInclude>
    <ClInclude Include="TopperWin.h">
      <Filter>Header Files</Filter>
    </ClInclude>
    <ClInclude Include="SecondaryView.h">
      <Filter>Header Files</Filter>
    </ClInclude>
    <ClInclude Include="InstCardWin.h">
      <Filter>Source Files</Filter>
    </ClInclude>
    <ClInclude Include="InstCardView.h">
      <Filter>Header Files</Filter>
    </ClInclude>
    <ClInclude Include="CSVFile.h">
      <Filter>Header Files</Filter>
    </ClInclude>
    <ClInclude Include="DateUtil.h">
      <Filter>Header Files</Filter>
    </ClInclude>
    <ClInclude Include="AudioVideoPlayer.h">
      <Filter>Header Files</Filter>
    </ClInclude>
    <ClInclude Include="PinscapeDevice.h">
      <Filter>Header Files</Filter>
    </ClInclude>
    <ClInclude Include="MonitorCheck.h">
      <Filter>Header Files</Filter>
    </ClInclude>
    <ClInclude Include="PrivateWindowMessages.h">
      <Filter>Header Files</Filter>
    </ClInclude>
    <ClInclude Include="VLCAudioVideoPlayer.h">
      <Filter>Header Files</Filter>
    </ClInclude>
    <ClInclude Include="HighScores.h">
      <Filter>Header Files</Filter>
    </ClInclude>
    <ClInclude Include="DialogResource.h">
      <Filter>Header Files</Filter>
    </ClInclude>
    <ClInclude Include="RefTableList.h">
      <Filter>Header Files</Filter>
    </ClInclude>
    <ClInclude Include="VPFileReader.h">
      <Filter>Header Files</Filter>
    </ClInclude>
    <ClInclude Include="CaptureConfigVars.h">
      <Filter>Header Files</Filter>
    </ClInclude>
    <ClInclude Include="I420Shader.h">
      <Filter>Header Files</Filter>
    </ClInclude>
    <ClInclude Include="MediaDropTarget.h">
      <Filter>Header Files</Filter>
    </ClInclude>
    <ClInclude Include="SevenZipIfc.h">
      <Filter>Header Files</Filter>
    </ClInclude>
    <ClInclude Include="RealDMD.h">
      <Filter>Header Files</Filter>
    </ClInclude>
    <ClInclude Include="VPinMAMEIfc.h">
      <Filter>Header Files</Filter>
    </ClInclude>
    <ClInclude Include="CaptureStatusWin.h">
      <Filter>Header Files</Filter>
    </ClInclude>
    <ClInclude Include="DMDShader.h">
      <Filter>Header Files</Filter>
    </ClInclude>
    <ClInclude Include="DMDFont.h">
      <Filter>Header Files</Filter>
    </ClInclude>
    <ClInclude Include="LogFile.h">
      <Filter>Header Files</Filter>
    </ClInclude>
    <ClInclude Include="DialogWithSavedPos.h">
      <Filter>Header Files</Filter>
    </ClInclude>
    <ClInclude Include="DmdDeviceDll.h">
      <Filter>Header Files</Filter>
    </ClInclude>
  </ItemGroup>
  <ItemGroup>
    <FxCompile Include="TextShaderVS.hlsl">
      <Filter>Shaders</Filter>
    </FxCompile>
    <FxCompile Include="TextShaderPS.hlsl">
      <Filter>Shaders</Filter>
    </FxCompile>
    <FxCompile Include="FullScreenQuadShaderVS.hlsl">
      <Filter>Shaders</Filter>
    </FxCompile>
    <FxCompile Include="TextureShaderVS.hlsl">
      <Filter>Shaders</Filter>
    </FxCompile>
    <FxCompile Include="TextureShaderPS.hlsl">
      <Filter>Shaders</Filter>
    </FxCompile>
    <FxCompile Include="I420ShaderPS.hlsl">
      <Filter>Shaders</Filter>
    </FxCompile>
    <FxCompile Include="I420ShaderVS.hlsl">
      <Filter>Shaders</Filter>
    </FxCompile>
    <FxCompile Include="DMDShaderVS.hlsl">
      <Filter>Shaders</Filter>
    </FxCompile>
    <FxCompile Include="DMDShaderPS.hlsl">
      <Filter>Shaders</Filter>
    </FxCompile>
  </ItemGroup>
  <ItemGroup>
    <ResourceCompile Include="PinballY.rc">
      <Filter>Resource Files</Filter>
    </ResourceCompile>
    <ResourceCompile Include="Dialogs.rc">
      <Filter>Resource Files</Filter>
    </ResourceCompile>
  </ItemGroup>
  <ItemGroup>
    <Image Include="res\ProgIcon.ico">
      <Filter>Resource Files</Filter>
    </Image>
    <Image Include="res\MenuIconFullScreen.png">
      <Filter>Resource Files</Filter>
    </Image>
    <Image Include="res\MenuIconFSReturn.png">
      <Filter>Resource Files</Filter>
    </Image>
    <Image Include="res\MenuIconRotate.png">
      <Filter>Resource Files</Filter>
    </Image>
    <Image Include="res\MenuIconOptions.png">
      <Filter>Resource Files</Filter>
    </Image>
    <Image Include="res\MenuIconFPS.png">
      <Filter>Resource Files</Filter>
    </Image>
    <Image Include="res\MenuIconExit.png">
      <Filter>Resource Files</Filter>
    </Image>
    <Image Include="res\AboutBox.png">
      <Filter>Resource Files</Filter>
    </Image>
  </ItemGroup>
  <ItemGroup>
    <Xml Include="ManifestDPIAwareness.xml" />
  </ItemGroup>
</Project>